{
  "name": "touring",
  "version": "1.0.0-SNAPSHOT",
  "lockfileVersion": 1,
  "requires": true,
  "dependencies": {
    "jStat": {
      "version": "git+https://github.com/jstat/jstat.git#5d99205d806e72997d863be800ffaf7af1851b97",
      "from": "git+https://github.com/jstat/jstat.git#1.7.1"
    }
  }
}
